{
  "name": "dynamic-anchors",
  "version": "1.0.0",
  "lockfileVersion": 1,
  "requires": true,
  "dependencies": {
    "@jsplumb/browser-ui": {
      "version": "4.0.0",
      "resolved": "https://registry.npmjs.org/@jsplumb/browser-ui/-/browser-ui-4.0.0.tgz",
      "integrity": "sha512-toV80wYdeoIhbpYzmH+lJQcOe+ybjoOk52VIw3GstB0FhwnxLevPm/RlyNapzhkN6XdTRGGdHiyw2gMqmpRb+A==",
      "requires": {
        "@jsplumb/core": "4.0.0"
      }
    },
    "@jsplumb/core": {
      "version": "4.0.0",
      "resolved": "https://registry.npmjs.org/@jsplumb/core/-/core-4.0.0.tgz",
      "integrity": "sha512-8S8KTWzrW7VomfzFQ86DIqWiaxbkdjoQljnW7n1VpluoqDfaDeIc5hAvAlYVc4CKJCZKrbTwls+GOvO5CFBpcQ=="
    }
  }
}
